// !$*UTF8*$!
{
	archiveVersion = 1;
	classes = {
	};
	objectVersion = 77;
	objects = {

/* Begin PBXContainerItemProxy section */
		2CD6BAA42D9C4C5D008953D9 /* PBXContainerItemProxy */ = {
			isa = PBXContainerItemProxy;
			containerPortal = 2CD6BA822D9C4C5C008953D9 /* Project object */;
			proxyType = 1;
			remoteGlobalIDString = 2CD6BA892D9C4C5C008953D9;
			remoteInfo = RickAndMortyTest;
		};
		2CD6BAAE2D9C4C5D008953D9 /* PBXContainerItemProxy */ = {
			isa = PBXContainerItemProxy;
			containerPortal = 2CD6BA822D9C4C5C008953D9 /* Project object */;
			proxyType = 1;
			remoteGlobalIDString = 2CD6BA892D9C4C5C008953D9;
			remoteInfo = RickAndMortyTest;
		};
/* End PBXContainerItemProxy section */

/* Begin PBXFileReference section */
		2CD6BA8A2D9C4C5C008953D9 /* RickAndMortyTest.app */ = {isa = PBXFileReference; explicitFileType = wrapper.application; includeInIndex = 0; path = RickAndMortyTest.app; sourceTree = BUILT_PRODUCTS_DIR; };
		2CD6BAA32D9C4C5D008953D9 /* RickAndMortyTestTests.xctest */ = {isa = PBXFileReference; explicitFileType = wrapper.cfbundle; includeInIndex = 0; path = RickAndMortyTestTests.xctest; sourceTree = BUILT_PRODUCTS_DIR; };
		2CD6BAAD2D9C4C5D008953D9 /* RickAndMortyTestUITests.xctest */ = {isa = PBXFileReference; explicitFileType = wrapper.cfbundle; includeInIndex = 0; path = RickAndMortyTestUITests.xctest; sourceTree = BUILT_PRODUCTS_DIR; };
/* End PBXFileReference section */

/* Begin PBXFileSystemSynchronizedBuildFileExceptionSet section */
		2CD6BB182D9DDC7A008953D9 /* Exceptions for "RickAndMortyTest" folder in "RickAndMortyTest" target */ = {
			isa = PBXFileSystemSynchronizedBuildFileExceptionSet;
			membershipExceptions = (
				Info.plist,
				RickAndMortyTest.xcdatamodeld,
			);
			target = 2CD6BA892D9C4C5C008953D9 /* RickAndMortyTest */;
		};
/* End PBXFileSystemSynchronizedBuildFileExceptionSet section */

/* Begin PBXFileSystemSynchronizedGroupBuildPhaseMembershipExceptionSet section */
		2CD6BB192D9DDC7A008953D9 /* Exceptions for "RickAndMortyTest" folder in "Compile Sources" phase from "RickAndMortyTest" target */ = {
			isa = PBXFileSystemSynchronizedGroupBuildPhaseMembershipExceptionSet;
			buildPhase = 2CD6BA862D9C4C5C008953D9 /* Sources */;
			membershipExceptions = (
				RickAndMortyTest.xcdatamodeld,
			);
		};
/* End PBXFileSystemSynchronizedGroupBuildPhaseMembershipExceptionSet section */

/* Begin PBXFileSystemSynchronizedRootGroup section */
		2CD6BAA62D9C4C5D008953D9 /* RickAndMortyTestTests */ = {
			isa = PBXFileSystemSynchronizedRootGroup;
			path = RickAndMortyTestTests;
			sourceTree = "<group>";
		};
		2CD6BAB02D9C4C5D008953D9 /* RickAndMortyTestUITests */ = {
			isa = PBXFileSystemSynchronizedRootGroup;
			path = RickAndMortyTestUITests;
			sourceTree = "<group>";
		};
		2CD6BB0A2D9DDC7A008953D9 /* RickAndMortyTest */ = {
			isa = PBXFileSystemSynchronizedRootGroup;
			exceptions = (
				2CD6BB182D9DDC7A008953D9 /* Exceptions for "RickAndMortyTest" folder in "RickAndMortyTest" target */,
				2CD6BB192D9DDC7A008953D9 /* Exceptions for "RickAndMortyTest" folder in "Compile Sources" phase from "RickAndMortyTest" target */,
			);
			path = RickAndMortyTest;
			sourceTree = "<group>";
		};
/* End PBXFileSystemSynchronizedRootGroup section */

/* Begin PBXFrameworksBuildPhase section */
		2CD6BA872D9C4C5C008953D9 /* Frameworks */ = {
			isa = PBXFrameworksBuildPhase;
			buildActionMask = 2147483647;
			files = (
			);
			runOnlyForDeploymentPostprocessing = 0;
		};
		2CD6BAA02D9C4C5D008953D9 /* Frameworks */ = {
			isa = PBXFrameworksBuildPhase;
			buildActionMask = 2147483647;
			files = (
			);
			runOnlyForDeploymentPostprocessing = 0;
		};
		2CD6BAAA2D9C4C5D008953D9 /* Frameworks */ = {
			isa = PBXFrameworksBuildPhase;
			buildActionMask = 2147483647;
			files = (
			);
			runOnlyForDeploymentPostprocessing = 0;
		};
/* End PBXFrameworksBuildPhase section */

/* Begin PBXGroup section */
		2CD6BA812D9C4C5C008953D9 = {
			isa = PBXGroup;
			children = (
				2CD6BB0A2D9DDC7A008953D9 /* RickAndMortyTest */,
				2CD6BAA62D9C4C5D008953D9 /* RickAndMortyTestTests */,
				2CD6BAB02D9C4C5D008953D9 /* RickAndMortyTestUITests */,
				2CD6BA8B2D9C4C5C008953D9 /* Products */,
			);
			sourceTree = "<group>";
		};
		2CD6BA8B2D9C4C5C008953D9 /* Products */ = {
			isa = PBXGroup;
			children = (
				2CD6BA8A2D9C4C5C008953D9 /* RickAndMortyTest.app */,
				2CD6BAA32D9C4C5D008953D9 /* RickAndMortyTestTests.xctest */,
				2CD6BAAD2D9C4C5D008953D9 /* RickAndMortyTestUITests.xctest */,
			);
			name = Products;
			sourceTree = "<group>";
		};
/* End PBXGroup section */

/* Begin PBXNativeTarget section */
		2CD6BA892D9C4C5C008953D9 /* RickAndMortyTest */ = {
			isa = PBXNativeTarget;
			buildConfigurationList = 2CD6BAB62D9C4C5D008953D9 /* Build configuration list for PBXNativeTarget "RickAndMortyTest" */;
			buildPhases = (
				2CD6BA862D9C4C5C008953D9 /* Sources */,
				2CD6BA872D9C4C5C008953D9 /* Frameworks */,
				2CD6BA882D9C4C5C008953D9 /* Resources */,
			);
			buildRules = (
			);
			dependencies = (
			);
			fileSystemSynchronizedGroups = (
				2CD6BB0A2D9DDC7A008953D9 /* RickAndMortyTest */,
			);
			name = RickAndMortyTest;
			packageProductDependencies = (
			);
			productName = RickAndMortyTest;
			productReference = 2CD6BA8A2D9C4C5C008953D9 /* RickAndMortyTest.app */;
			productType = "com.apple.product-type.application";
		};
		2CD6BAA22D9C4C5D008953D9 /* RickAndMortyTestTests */ = {
			isa = PBXNativeTarget;
			buildConfigurationList = 2CD6BABB2D9C4C5D008953D9 /* Build configuration list for PBXNativeTarget "RickAndMortyTestTests" */;
			buildPhases = (
				2CD6BA9F2D9C4C5D008953D9 /* Sources */,
				2CD6BAA02D9C4C5D008953D9 /* Frameworks */,
				2CD6BAA12D9C4C5D008953D9 /* Resources */,
			);
			buildRules = (
			);
			dependencies = (
				2CD6BAA52D9C4C5D008953D9 /* PBXTargetDependency */,
			);
			fileSystemSynchronizedGroups = (
				2CD6BAA62D9C4C5D008953D9 /* RickAndMortyTestTests */,
			);
			name = RickAndMortyTestTests;
			packageProductDependencies = (
			);
			productName = RickAndMortyTestTests;
			productReference = 2CD6BAA32D9C4C5D008953D9 /* RickAndMortyTestTests.xctest */;
			productType = "com.apple.product-type.bundle.unit-test";
		};
		2CD6BAAC2D9C4C5D008953D9 /* RickAndMortyTestUITests */ = {
			isa = PBXNativeTarget;
			buildConfigurationList = 2CD6BABE2D9C4C5D008953D9 /* Build configuration list for PBXNativeTarget "RickAndMortyTestUITests" */;
			buildPhases = (
				2CD6BAA92D9C4C5D008953D9 /* Sources */,
				2CD6BAAA2D9C4C5D008953D9 /* Frameworks */,
				2CD6BAAB2D9C4C5D008953D9 /* Resources */,
			);
			buildRules = (
			);
			dependencies = (
				2CD6BAAF2D9C4C5D008953D9 /* PBXTargetDependency */,
			);
			fileSystemSynchronizedGroups = (
				2CD6BAB02D9C4C5D008953D9 /* RickAndMortyTestUITests */,
			);
			name = RickAndMortyTestUITests;
			packageProductDependencies = (
			);
			productName = RickAndMortyTestUITests;
			productReference = 2CD6BAAD2D9C4C5D008953D9 /* RickAndMortyTestUITests.xctest */;
			productType = "com.apple.product-type.bundle.ui-testing";
		};
/* End PBXNativeTarget section */

/* Begin PBXProject section */
		2CD6BA822D9C4C5C008953D9 /* Project object */ = {
			isa = PBXProject;
			attributes = {
				BuildIndependentTargetsInParallel = 1;
				LastSwiftUpdateCheck = 1610;
				LastUpgradeCheck = 1610;
				TargetAttributes = {
					2CD6BA892D9C4C5C008953D9 = {
						CreatedOnToolsVersion = 16.1;
					};
					2CD6BAA22D9C4C5D008953D9 = {
						CreatedOnToolsVersion = 16.1;
						TestTargetID = 2CD6BA892D9C4C5C008953D9;
					};
					2CD6BAAC2D9C4C5D008953D9 = {
						CreatedOnToolsVersion = 16.1;
						TestTargetID = 2CD6BA892D9C4C5C008953D9;
					};
				};
			};
			buildConfigurationList = 2CD6BA852D9C4C5C008953D9 /* Build configuration list for PBXProject "RickAndMortyTest" */;
			developmentRegion = en;
			hasScannedForEncodings = 0;
			knownRegions = (
				en,
				Base,
			);
			mainGroup = 2CD6BA812D9C4C5C008953D9;
			minimizedProjectReferenceProxies = 1;
			preferredProjectObjectVersion = 77;
			productRefGroup = 2CD6BA8B2D9C4C5C008953D9 /* Products */;
			projectDirPath = "";
			projectRoot = "";
			targets = (
				2CD6BA892D9C4C5C008953D9 /* RickAndMortyTest */,
				2CD6BAA22D9C4C5D008953D9 /* RickAndMortyTestTests */,
				2CD6BAAC2D9C4C5D008953D9 /* RickAndMortyTestUITests */,
			);
		};
/* End PBXProject section */

/* Begin PBXResourcesBuildPhase section */
		2CD6BA882D9C4C5C008953D9 /* Resources */ = {
			isa = PBXResourcesBuildPhase;
			buildActionMask = 2147483647;
			files = (
			);
			runOnlyForDeploymentPostprocessing = 0;
		};
		2CD6BAA12D9C4C5D008953D9 /* Resources */ = {
			isa = PBXResourcesBuildPhase;
			buildActionMask = 2147483647;
			files = (
			);
			runOnlyForDeploymentPostprocessing = 0;
		};
		2CD6BAAB2D9C4C5D008953D9 /* Resources */ = {
			isa = PBXResourcesBuildPhase;
			buildActionMask = 2147483647;
			files = (
			);
			runOnlyForDeploymentPostprocessing = 0;
		};
/* End PBXResourcesBuildPhase section */

/* Begin PBXSourcesBuildPhase section */
		2CD6BA862D9C4C5C008953D9 /* Sources */ = {
			isa = PBXSourcesBuildPhase;
			buildActionMask = 2147483647;
			files = (
			);
			runOnlyForDeploymentPostprocessing = 0;
		};
		2CD6BA9F2D9C4C5D008953D9 /* Sources */ = {
			isa = PBXSourcesBuildPhase;
			buildActionMask = 2147483647;
			files = (
			);
			runOnlyForDeploymentPostprocessing = 0;
		};
		2CD6BAA92D9C4C5D008953D9 /* Sources */ = {
			isa = PBXSourcesBuildPhase;
			buildActionMask = 2147483647;
			files = (
			);
			runOnlyForDeploymentPostprocessing = 0;
		};
/* End PBXSourcesBuildPhase section */

/* Begin PBXTargetDependency section */
		2CD6BAA52D9C4C5D008953D9 /* PBXTargetDependency */ = {
			isa = PBXTargetDependency;
			target = 2CD6BA892D9C4C5C008953D9 /* RickAndMortyTest */;
			targetProxy = 2CD6BAA42D9C4C5D008953D9 /* PBXContainerItemProxy */;
		};
		2CD6BAAF2D9C4C5D008953D9 /* PBXTargetDependency */ = {
			isa = PBXTargetDependency;
			target = 2CD6BA892D9C4C5C008953D9 /* RickAndMortyTest */;
			targetProxy = 2CD6BAAE2D9C4C5D008953D9 /* PBXContainerItemProxy */;
		};
/* End PBXTargetDependency section */

/* Begin XCBuildConfiguration section */
		2CD6BAB72D9C4C5D008953D9 /* Debug */ = {
			isa = XCBuildConfiguration;
			buildSettings = {
				ASSETCATALOG_COMPILER_APPICON_NAME = AppIcon;
				ASSETCATALOG_COMPILER_GLOBAL_ACCENT_COLOR_NAME = AccentColor;
				CODE_SIGN_STYLE = Automatic;
				CURRENT_PROJECT_VERSION = 1;
				DEVELOPMENT_TEAM = 3VL3B8WDHX;
				GENERATE_INFOPLIST_FILE = YES;
				INFOPLIST_FILE = RickAndMortyTest/Info.plist;
				INFOPLIST_KEY_UIApplicationSupportsIndirectInputEvents = YES;
				INFOPLIST_KEY_UILaunchStoryboardName = LaunchScreen;
				INFOPLIST_KEY_UIStatusBarHidden = NO;
				INFOPLIST_KEY_UIStatusBarStyle = "";
				INFOPLIST_KEY_UISupportedInterfaceOrientations = "UIInterfaceOrientationLandscapeLeft UIInterfaceOrientationLandscapeRight UIInterfaceOrientationPortrait UIInterfaceOrientationPortraitUpsideDown";
				IPHONEOS_DEPLOYMENT_TARGET = 15.0;
				LD_RUNPATH_SEARCH_PATHS = (
					"$(inherited)",
					"@executable_path/Frameworks",
				);
				MARKETING_VERSION = 1.0;
				PRODUCT_BUNDLE_IDENTIFIER = "Roman-Shestopal.RickAndMortyTest";
				PRODUCT_NAME = "$(TARGET_NAME)";
				SUPPORTED_PLATFORMS = "iphoneos iphonesimulator";
				SUPPORTS_MACCATALYST = NO;
				SUPPORTS_MAC_DESIGNED_FOR_IPHONE_IPAD = NO;
				SUPPORTS_XR_DESIGNED_FOR_IPHONE_IPAD = NO;
				SWIFT_EMIT_LOC_STRINGS = YES;
				SWIFT_VERSION = 5.0;
				TARGETED_DEVICE_FAMILY = "1,2";
			};
			name = Debug;
		};
		2CD6BAB82D9C4C5D008953D9 /* Release */ = {
			isa = XCBuildConfiguration;
			buildSettings = {
				ASSETCATALOG_COMPILER_APPICON_NAME = AppIcon;
				ASSETCATALOG_COMPILER_GLOBAL_ACCENT_COLOR_NAME = AccentColor;
				CODE_SIGN_STYLE = Automatic;
				CURRENT_PROJECT_VERSION = 1;
				DEVELOPMENT_TEAM = 3VL3B8WDHX;
				GENERATE_INFOPLIST_FILE = YES;
				INFOPLIST_FILE = RickAndMortyTest/Info.plist;
				INFOPLIST_KEY_UIApplicationSupportsIndirectInputEvents = YES;
				INFOPLIST_KEY_UILaunchStoryboardName = LaunchScreen;
				INFOPLIST_KEY_UIStatusBarHidden = NO;
				INFOPLIST_KEY_UIStatusBarStyle = "";
				INFOPLIST_KEY_UISupportedInterfaceOrientations = "UIInterfaceOrientationLandscapeLeft UIInterfaceOrientationLandscapeRight UIInterfaceOrientationPortrait UIInterfaceOrientationPortraitUpsideDown";
				IPHONEOS_DEPLOYMENT_TARGET = 15.0;
				LD_RUNPATH_SEARCH_PATHS = (
					"$(inherited)",
					"@executable_path/Frameworks",
				);
				MARKETING_VERSION = 1.0;
				PRODUCT_BUNDLE_IDENTIFIER = "Roman-Shestopal.RickAndMortyTest";
				PRODUCT_NAME = "$(TARGET_NAME)";
				SUPPORTED_PLATFORMS = "iphoneos iphonesimulator";
				SUPPORTS_MACCATALYST = NO;
				SUPPORTS_MAC_DESIGNED_FOR_IPHONE_IPAD = NO;
				SUPPORTS_XR_DESIGNED_FOR_IPHONE_IPAD = NO;
				SWIFT_EMIT_LOC_STRINGS = YES;
				SWIFT_VERSION = 5.0;
				TARGETED_DEVICE_FAMILY = "1,2";
			};
			name = Release;
		};
		2CD6BAB92D9C4C5D008953D9 /* Debug */ = {
			isa = XCBuildConfiguration;
			buildSettings = {
				ALWAYS_SEARCH_USER_PATHS = NO;
				ASSETCATALOG_COMPILER_GENERATE_SWIFT_ASSET_SYMBOL_EXTENSIONS = YES;
				CLANG_ANALYZER_NONNULL = YES;
				CLANG_ANALYZER_NUMBER_OBJECT_CONVERSION = YES_AGGRESSIVE;
				CLANG_CXX_LANGUAGE_STANDARD = "gnu++20";
				CLANG_ENABLE_MODULES = YES;
				CLANG_ENABLE_OBJC_ARC = YES;
				CLANG_ENABLE_OBJC_WEAK = YES;
				CLANG_WARN_BLOCK_CAPTURE_AUTORELEASING = YES;
				CLANG_WARN_BOOL_CONVERSION = YES;
				CLANG_WARN_COMMA = YES;
				CLANG_WARN_CONSTANT_CONVERSION = YES;
				CLANG_WARN_DEPRECATED_OBJC_IMPLEMENTATIONS = YES;
				CLANG_WARN_DIRECT_OBJC_ISA_USAGE = YES_ERROR;
				CLANG_WARN_DOCUMENTATION_COMMENTS = YES;
				CLANG_WARN_EMPTY_BODY = YES;
				CLANG_WARN_ENUM_CONVERSION = YES;
				CLANG_WARN_INFINITE_RECURSION = YES;
				CLANG_WARN_INT_CONVERSION = YES;
				CLANG_WARN_NON_LITERAL_NULL_CONVERSION = YES;
				CLANG_WARN_OBJC_IMPLICIT_RETAIN_SELF = YES;
				CLANG_WARN_OBJC_LITERAL_CONVERSION = YES;
				CLANG_WARN_OBJC_ROOT_CLASS = YES_ERROR;
				CLANG_WARN_QUOTED_INCLUDE_IN_FRAMEWORK_HEADER = YES;
				CLANG_WARN_RANGE_LOOP_ANALYSIS = YES;
				CLANG_WARN_STRICT_PROTOTYPES = YES;
				CLANG_WARN_SUSPICIOUS_MOVE = YES;
				CLANG_WARN_UNGUARDED_AVAILABILITY = YES_AGGRESSIVE;
				CLANG_WARN_UNREACHABLE_CODE = YES;
				CLANG_WARN__DUPLICATE_METHOD_MATCH = YES;
				COPY_PHASE_STRIP = NO;
				DEBUG_INFORMATION_FORMAT = dwarf;
				ENABLE_STRICT_OBJC_MSGSEND = YES;
				ENABLE_TESTABILITY = YES;
				ENABLE_USER_SCRIPT_SANDBOXING = YES;
				GCC_C_LANGUAGE_STANDARD = gnu17;
				GCC_DYNAMIC_NO_PIC = NO;
				GCC_NO_COMMON_BLOCKS = YES;
				GCC_OPTIMIZATION_LEVEL = 0;
				GCC_PREPROCESSOR_DEFINITIONS = (
					"DEBUG=1",
					"$(inherited)",
				);
				GCC_WARN_64_TO_32_BIT_CONVERSION = YES;
				GCC_WARN_ABOUT_RETURN_TYPE = YES_ERROR;
				GCC_WARN_UNDECLARED_SELECTOR = YES;
				GCC_WARN_UNINITIALIZED_AUTOS = YES_AGGRESSIVE;
				GCC_WARN_UNUSED_FUNCTION = YES;
				GCC_WARN_UNUSED_VARIABLE = YES;
				IPHONEOS_DEPLOYMENT_TARGET = 18.1;
				LOCALIZATION_PREFERS_STRING_CATALOGS = YES;
				MTL_ENABLE_DEBUG_INFO = INCLUDE_SOURCE;
				MTL_FAST_MATH = YES;
				ONLY_ACTIVE_ARCH = YES;
				SDKROOT = iphoneos;
				SWIFT_ACTIVE_COMPILATION_CONDITIONS = "DEBUG $(inherited)";
				SWIFT_OPTIMIZATION_LEVEL = "-Onone";
			};
			name = Debug;
		};
		2CD6BABA2D9C4C5D008953D9 /* Release */ = {
			isa = XCBuildConfiguration;
			buildSettings = {
				ALWAYS_SEARCH_USER_PATHS = NO;
				ASSETCATALOG_COMPILER_GENERATE_SWIFT_ASSET_SYMBOL_EXTENSIONS = YES;
				CLANG_ANALYZER_NONNULL = YES;
				CLANG_ANALYZER_NUMBER_OBJECT_CONVERSION = YES_AGGRESSIVE;
				CLANG_CXX_LANGUAGE_STANDARD = "gnu++20";
				CLANG_ENABLE_MODULES = YES;
				CLANG_ENABLE_OBJC_ARC = YES;
				CLANG_ENABLE_OBJC_WEAK = YES;
				CLANG_WARN_BLOCK_CAPTURE_AUTORELEASING = YES;
				CLANG_WARN_BOOL_CONVERSION = YES;
				CLANG_WARN_COMMA = YES;
				CLANG_WARN_CONSTANT_CONVERSION = YES;
				CLANG_WARN_DEPRECATED_OBJC_IMPLEMENTATIONS = YES;
				CLANG_WARN_DIRECT_OBJC_ISA_USAGE = YES_ERROR;
				CLANG_WARN_DOCUMENTATION_COMMENTS = YES;
				CLANG_WARN_EMPTY_BODY = YES;
				CLANG_WARN_ENUM_CONVERSION = YES;
				CLANG_WARN_INFINITE_RECURSION = YES;
				CLANG_WARN_INT_CONVERSION = YES;
				CLANG_WARN_NON_LITERAL_NULL_CONVERSION = YES;
				CLANG_WARN_OBJC_IMPLICIT_RETAIN_SELF = YES;
				CLANG_WARN_OBJC_LITERAL_CONVERSION = YES;
				CLANG_WARN_OBJC_ROOT_CLASS = YES_ERROR;
				CLANG_WARN_QUOTED_INCLUDE_IN_FRAMEWORK_HEADER = YES;
				CLANG_WARN_RANGE_LOOP_ANALYSIS = YES;
				CLANG_WARN_STRICT_PROTOTYPES = YES;
				CLANG_WARN_SUSPICIOUS_MOVE = YES;
				CLANG_WARN_UNGUARDED_AVAILABILITY = YES_AGGRESSIVE;
				CLANG_WARN_UNREACHABLE_CODE = YES;
				CLANG_WARN__DUPLICATE_METHOD_MATCH = YES;
				COPY_PHASE_STRIP = NO;
				DEBUG_INFORMATION_FORMAT = "dwarf-with-dsym";
				ENABLE_NS_ASSERTIONS = NO;
				ENABLE_STRICT_OBJC_MSGSEND = YES;
				ENABLE_USER_SCRIPT_SANDBOXING = YES;
				GCC_C_LANGUAGE_STANDARD = gnu17;
				GCC_NO_COMMON_BLOCKS = YES;
				GCC_WARN_64_TO_32_BIT_CONVERSION = YES;
				GCC_WARN_ABOUT_RETURN_TYPE = YES_ERROR;
				GCC_WARN_UNDECLARED_SELECTOR = YES;
				GCC_WARN_UNINITIALIZED_AUTOS = YES_AGGRESSIVE;
				GCC_WARN_UNUSED_FUNCTION = YES;
				GCC_WARN_UNUSED_VARIABLE = YES;
				IPHONEOS_DEPLOYMENT_TARGET = 18.1;
				LOCALIZATION_PREFERS_STRING_CATALOGS = YES;
				MTL_ENABLE_DEBUG_INFO = NO;
				MTL_FAST_MATH = YES;
				SDKROOT = iphoneos;
				SWIFT_COMPILATION_MODE = wholemodule;
				VALIDATE_PRODUCT = YES;
			};
			name = Release;
		};
		2CD6BABC2D9C4C5D008953D9 /* Debug */ = {
			isa = XCBuildConfiguration;
			buildSettings = {
				BUNDLE_LOADER = "$(TEST_HOST)";
				CODE_SIGN_STYLE = Automatic;
				CURRENT_PROJECT_VERSION = 1;
				DEVELOPMENT_TEAM = 3VL3B8WDHX;
				GENERATE_INFOPLIST_FILE = YES;
				IPHONEOS_DEPLOYMENT_TARGET = 15.0;
				MARKETING_VERSION = 1.0;
				PRODUCT_BUNDLE_IDENTIFIER = "Roman-Shestopal.RickAndMortyTestTests";
				PRODUCT_NAME = "$(TARGET_NAME)";
				SWIFT_EMIT_LOC_STRINGS = NO;
				SWIFT_VERSION = 5.0;
				TARGETED_DEVICE_FAMILY = "1,2";
				TEST_HOST = "$(BUILT_PRODUCTS_DIR)/RickAndMortyTest.app/$(BUNDLE_EXECUTABLE_FOLDER_PATH)/RickAndMortyTest";
			};
			name = Debug;
		};
		2CD6BABD2D9C4C5D008953D9 /* Release */ = {
			isa = XCBuildConfiguration;
			buildSettings = {
				BUNDLE_LOADER = "$(TEST_HOST)";
				CODE_SIGN_STYLE = Automatic;
				CURRENT_PROJECT_VERSION = 1;
				DEVELOPMENT_TEAM = 3VL3B8WDHX;
				GENERATE_INFOPLIST_FILE = YES;
				IPHONEOS_DEPLOYMENT_TARGET = 15.0;
				MARKETING_VERSION = 1.0;
				PRODUCT_BUNDLE_IDENTIFIER = "Roman-Shestopal.RickAndMortyTestTests";
				PRODUCT_NAME = "$(TARGET_NAME)";
				SWIFT_EMIT_LOC_STRINGS = NO;
				SWIFT_VERSION = 5.0;
				TARGETED_DEVICE_FAMILY = "1,2";
				TEST_HOST = "$(BUILT_PRODUCTS_DIR)/RickAndMortyTest.app/$(BUNDLE_EXECUTABLE_FOLDER_PATH)/RickAndMortyTest";
			};
			name = Release;
		};
		2CD6BABF2D9C4C5D008953D9 /* Debug */ = {
			isa = XCBuildConfiguration;
			buildSettings = {
				CODE_SIGN_STYLE = Automatic;
				CURRENT_PROJECT_VERSION = 1;
				DEVELOPMENT_TEAM = 3VL3B8WDHX;
				GENERATE_INFOPLIST_FILE = YES;
				IPHONEOS_DEPLOYMENT_TARGET = 15.0;
				MARKETING_VERSION = 1.0;
				PRODUCT_BUNDLE_IDENTIFIER = "Roman-Shestopal.RickAndMortyTestUITests";
				PRODUCT_NAME = "$(TARGET_NAME)";
				SWIFT_EMIT_LOC_STRINGS = NO;
				SWIFT_VERSION = 5.0;
				TARGETED_DEVICE_FAMILY = "1,2";
				TEST_TARGET_NAME = RickAndMortyTest;
			};
			name = Debug;
		};
		2CD6BAC02D9C4C5D008953D9 /* Release */ = {
			isa = XCBuildConfiguration;
			buildSettings = {
				CODE_SIGN_STYLE = Automatic;
				CURRENT_PROJECT_VERSION = 1;
				DEVELOPMENT_TEAM = 3VL3B8WDHX;
				GENERATE_INFOPLIST_FILE = YES;
				IPHONEOS_DEPLOYMENT_TARGET = 15.0;
				MARKETING_VERSION = 1.0;
				PRODUCT_BUNDLE_IDENTIFIER = "Roman-Shestopal.RickAndMortyTestUITests";
				PRODUCT_NAME = "$(TARGET_NAME)";
				SWIFT_EMIT_LOC_STRINGS = NO;
				SWIFT_VERSION = 5.0;
				TARGETED_DEVICE_FAMILY = "1,2";
				TEST_TARGET_NAME = RickAndMortyTest;
			};
			name = Release;
		};
/* End XCBuildConfiguration section */

/* Begin XCConfigurationList section */
		2CD6BA852D9C4C5C008953D9 /* Build configuration list for PBXProject "RickAndMortyTest" */ = {
			isa = XCConfigurationList;
			buildConfigurations = (
				2CD6BAB92D9C4C5D008953D9 /* Debug */,
				2CD6BABA2D9C4C5D008953D9 /* Release */,
			);
			defaultConfigurationIsVisible = 0;
			defaultConfigurationName = Release;
		};
		2CD6BAB62D9C4C5D008953D9 /* Build configuration list for PBXNativeTarget "RickAndMortyTest" */ = {
			isa = XCConfigurationList;
			buildConfigurations = (
				2CD6BAB72D9C4C5D008953D9 /* Debug */,
				2CD6BAB82D9C4C5D008953D9 /* Release */,
			);
			defaultConfigurationIsVisible = 0;
			defaultConfigurationName = Release;
		};
		2CD6BABB2D9C4C5D008953D9 /* Build configuration list for PBXNativeTarget "RickAndMortyTestTests" */ = {
			isa = XCConfigurationList;
			buildConfigurations = (
				2CD6BABC2D9C4C5D008953D9 /* Debug */,
				2CD6BABD2D9C4C5D008953D9 /* Release */,
			);
			defaultConfigurationIsVisible = 0;
			defaultConfigurationName = Release;
		};
		2CD6BABE2D9C4C5D008953D9 /* Build configuration list for PBXNativeTarget "RickAndMortyTestUITests" */ = {
			isa = XCConfigurationList;
			buildConfigurations = (
				2CD6BABF2D9C4C5D008953D9 /* Debug */,
				2CD6BAC02D9C4C5D008953D9 /* Release */,
			);
			defaultConfigurationIsVisible = 0;
			defaultConfigurationName = Release;
		};
/* End XCConfigurationList section */
	};
	rootObject = 2CD6BA822D9C4C5C008953D9 /* Project object */;
}
